// !$*UTF8*$!
{
	archiveVersion = 1;
	classes = {
	};
	objectVersion = 56;
	objects = {

/* Begin PBXBuildFile section */
		1B3D75312A4D5F0000235968 /* AppDelegate.swift in Sources */ = {isa = PBXBuildFile; fileRef = 1B3D75302A4D5F0000235968 /* AppDelegate.swift */; };
		1B3D75332A4D5F0000235968 /* SceneDelegate.swift in Sources */ = {isa = PBXBuildFile; fileRef = 1B3D75322A4D5F0000235968 /* SceneDelegate.swift */; };
		1B3D75352A4D5F0000235968 /* HomeViewController.swift in Sources */ = {isa = PBXBuildFile; fileRef = 1B3D75342A4D5F0000235968 /* HomeViewController.swift */; };
		1B3D75382A4D5F0000235968 /* Main.storyboard in Resources */ = {isa = PBXBuildFile; fileRef = 1B3D75362A4D5F0000235968 /* Main.storyboard */; };
		1B3D753B2A4D5F0000235968 /* LikedArticle.xcdatamodeld in Sources */ = {isa = PBXBuildFile; fileRef = 1B3D75392A4D5F0000235968 /* LikedArticle.xcdatamodeld */; };
		1B3D753D2A4D5F0100235968 /* Assets.xcassets in Resources */ = {isa = PBXBuildFile; fileRef = 1B3D753C2A4D5F0100235968 /* Assets.xcassets */; };
		1B3D75402A4D5F0100235968 /* LaunchScreen.storyboard in Resources */ = {isa = PBXBuildFile; fileRef = 1B3D753E2A4D5F0100235968 /* LaunchScreen.storyboard */; };
		1B3D754C2A4D60E500235968 /* SnapKit in Frameworks */ = {isa = PBXBuildFile; productRef = 1B3D754B2A4D60E500235968 /* SnapKit */; };
		1B3D75502A4D642100235968 /* NetworkError.swift in Sources */ = {isa = PBXBuildFile; fileRef = 1B3D754F2A4D642100235968 /* NetworkError.swift */; };
		1B3D75532A4D668000235968 /* StoriesNetworkService.swift in Sources */ = {isa = PBXBuildFile; fileRef = 1B3D75522A4D668000235968 /* StoriesNetworkService.swift */; };
		1B3D75562A4D678700235968 /* SectionListModel.swift in Sources */ = {isa = PBXBuildFile; fileRef = 1B3D75552A4D678700235968 /* SectionListModel.swift */; };
		1B3D755A2A4D6FEE00235968 /* RequestCreator.swift in Sources */ = {isa = PBXBuildFile; fileRef = 1B3D75592A4D6FEE00235968 /* RequestCreator.swift */; };
		1B3D755D2A4D70EA00235968 /* RequestBuilderProtocol.swift in Sources */ = {isa = PBXBuildFile; fileRef = 1B3D755C2A4D70EA00235968 /* RequestBuilderProtocol.swift */; };
		1B3D755F2A4D712500235968 /* URLBuilderProtocol.swift in Sources */ = {isa = PBXBuildFile; fileRef = 1B3D755E2A4D712500235968 /* URLBuilderProtocol.swift */; };
		1B3D75622A4D77FC00235968 /* URLComponents+setQueryItems.swift in Sources */ = {isa = PBXBuildFile; fileRef = 1B3D75612A4D77FC00235968 /* URLComponents+setQueryItems.swift */; };
		1B3D75642A4D783500235968 /* Encodable+Queries.swift in Sources */ = {isa = PBXBuildFile; fileRef = 1B3D75632A4D783500235968 /* Encodable+Queries.swift */; };
		1B3D75672A4D790A00235968 /* HTTPMethod.swift in Sources */ = {isa = PBXBuildFile; fileRef = 1B3D75662A4D790A00235968 /* HTTPMethod.swift */; };
		1B3D75692A4D79F300235968 /* HeaderType.swift in Sources */ = {isa = PBXBuildFile; fileRef = 1B3D75682A4D79F300235968 /* HeaderType.swift */; };
		1B3D756B2A4D7AEB00235968 /* StoriesURLs.swift in Sources */ = {isa = PBXBuildFile; fileRef = 1B3D756A2A4D7AEB00235968 /* StoriesURLs.swift */; };
		1B3D756D2A4D7D2000235968 /* ApiKeyQuery.swift in Sources */ = {isa = PBXBuildFile; fileRef = 1B3D756C2A4D7D2000235968 /* ApiKeyQuery.swift */; };
		1B3D75702A4D7DBB00235968 /* Constants.swift in Sources */ = {isa = PBXBuildFile; fileRef = 1B3D756F2A4D7DBB00235968 /* Constants.swift */; };
		1B3D75742A4D7F1200235968 /* NetworkService.swift in Sources */ = {isa = PBXBuildFile; fileRef = 1B3D75732A4D7F1200235968 /* NetworkService.swift */; };
		1B3D75762A4D7F3200235968 /* HTTPResponse.swift in Sources */ = {isa = PBXBuildFile; fileRef = 1B3D75752A4D7F3200235968 /* HTTPResponse.swift */; };
		1B3D75782A4D803A00235968 /* URLResponse+checks.swift in Sources */ = {isa = PBXBuildFile; fileRef = 1B3D75772A4D803A00235968 /* URLResponse+checks.swift */; };
		1B3D757C2A4D809F00235968 /* Int+isInBetween.swift in Sources */ = {isa = PBXBuildFile; fileRef = 1B3D757B2A4D809F00235968 /* Int+isInBetween.swift */; };
		1B3D75812A4D819700235968 /* HomeViewModel.swift in Sources */ = {isa = PBXBuildFile; fileRef = 1B3D75802A4D819700235968 /* HomeViewModel.swift */; };
		1B44BD142A5ECEBE00A0E3C8 /* ShimmerEffectProtocol.swift in Sources */ = {isa = PBXBuildFile; fileRef = 1B44BD132A5ECEBE00A0E3C8 /* ShimmerEffectProtocol.swift */; };
		1B44BD162A5ECED000A0E3C8 /* ShimmerButton.swift in Sources */ = {isa = PBXBuildFile; fileRef = 1B44BD152A5ECED000A0E3C8 /* ShimmerButton.swift */; };
		1B44BD182A5EDAD300A0E3C8 /* SwipableNavigationController.swift in Sources */ = {isa = PBXBuildFile; fileRef = 1B44BD172A5EDAD300A0E3C8 /* SwipableNavigationController.swift */; };
		1B44BD1B2A5FFE3E00A0E3C8 /* LikedArticlePersistentService.swift in Sources */ = {isa = PBXBuildFile; fileRef = 1B44BD1A2A5FFE3E00A0E3C8 /* LikedArticlePersistentService.swift */; };
		1B44BD1D2A60224600A0E3C8 /* LikedArticlesViewController.swift in Sources */ = {isa = PBXBuildFile; fileRef = 1B44BD1C2A60224600A0E3C8 /* LikedArticlesViewController.swift */; };
		1B44BD1F2A60225D00A0E3C8 /* LikedArticlesViewModel.swift in Sources */ = {isa = PBXBuildFile; fileRef = 1B44BD1E2A60225D00A0E3C8 /* LikedArticlesViewModel.swift */; };
		1B44BD212A60236200A0E3C8 /* CoreDataError.swift in Sources */ = {isa = PBXBuildFile; fileRef = 1B44BD202A60236200A0E3C8 /* CoreDataError.swift */; };
		1B44BD232A60429000A0E3C8 /* NSManagedObject+value.swift in Sources */ = {isa = PBXBuildFile; fileRef = 1B44BD222A60429000A0E3C8 /* NSManagedObject+value.swift */; };
		1B44BD262A6042EE00A0E3C8 /* NSManagedObjectValueTitie.swift in Sources */ = {isa = PBXBuildFile; fileRef = 1B44BD252A6042EE00A0E3C8 /* NSManagedObjectValueTitie.swift */; };
		1B44BD282A6044FA00A0E3C8 /* LikedArticleModel.swift in Sources */ = {isa = PBXBuildFile; fileRef = 1B44BD272A6044FA00A0E3C8 /* LikedArticleModel.swift */; };
		1B44BD2A2A65589C00A0E3C8 /* LikedArticleTableViewCell.swift in Sources */ = {isa = PBXBuildFile; fileRef = 1B44BD292A65589C00A0E3C8 /* LikedArticleTableViewCell.swift */; };
		1B44BD2D2A6576DA00A0E3C8 /* NotificationBannerSwift in Frameworks */ = {isa = PBXBuildFile; productRef = 1B44BD2C2A6576DA00A0E3C8 /* NotificationBannerSwift */; };
		1B44BD302A657C7B00A0E3C8 /* Lottie in Frameworks */ = {isa = PBXBuildFile; productRef = 1B44BD2F2A657C7B00A0E3C8 /* Lottie */; };
		1B44BD322A65ABDB00A0E3C8 /* UIView+ShowHIde.swift in Sources */ = {isa = PBXBuildFile; fileRef = 1B44BD312A65ABDB00A0E3C8 /* UIView+ShowHIde.swift */; };
		1B44BD342A66712400A0E3C8 /* ColorAssets.swift in Sources */ = {isa = PBXBuildFile; fileRef = 1B44BD332A66712400A0E3C8 /* ColorAssets.swift */; };
		1B44BD412A66C9ED00A0E3C8 /* Theme.swift in Sources */ = {isa = PBXBuildFile; fileRef = 1B44BD402A66C9ED00A0E3C8 /* Theme.swift */; };
		1B44BD432A66CC5A00A0E3C8 /* ThemeViewController.swift in Sources */ = {isa = PBXBuildFile; fileRef = 1B44BD422A66CC5A00A0E3C8 /* ThemeViewController.swift */; };
		1B44BD452A66CCAE00A0E3C8 /* UserDefaults+theme.swift in Sources */ = {isa = PBXBuildFile; fileRef = 1B44BD442A66CCAE00A0E3C8 /* UserDefaults+theme.swift */; };
		1B44BD482A6802E100A0E3C8 /* LocalNotification.swift in Sources */ = {isa = PBXBuildFile; fileRef = 1B44BD472A6802E100A0E3C8 /* LocalNotification.swift */; };
		1B44BD5D2A69466000A0E3C8 /* Coordinator.swift in Sources */ = {isa = PBXBuildFile; fileRef = 1B44BD5A2A69466000A0E3C8 /* Coordinator.swift */; };
		1B44BD622A695F4B00A0E3C8 /* HomeCoordinator.swift in Sources */ = {isa = PBXBuildFile; fileRef = 1B44BD612A695F4B00A0E3C8 /* HomeCoordinator.swift */; };
		1B44BD642A69619200A0E3C8 /* ThemesCoordinator.swift in Sources */ = {isa = PBXBuildFile; fileRef = 1B44BD632A69619200A0E3C8 /* ThemesCoordinator.swift */; };
		1B44BD662A696C7500A0E3C8 /* LikedArticlesCoordinator.swift in Sources */ = {isa = PBXBuildFile; fileRef = 1B44BD652A696C7500A0E3C8 /* LikedArticlesCoordinator.swift */; };
		1B44BD682A6975FD00A0E3C8 /* ArticleDetailsCoordinator.swift in Sources */ = {isa = PBXBuildFile; fileRef = 1B44BD672A6975FD00A0E3C8 /* ArticleDetailsCoordinator.swift */; };
		1B44BD882A6A84E600A0E3C8 /* PasscodeKitCreate.swift in Sources */ = {isa = PBXBuildFile; fileRef = 1B44BD822A6A84E600A0E3C8 /* PasscodeKitCreate.swift */; };
		1B44BD892A6A84E600A0E3C8 /* PasscodeKitRemove.swift in Sources */ = {isa = PBXBuildFile; fileRef = 1B44BD832A6A84E600A0E3C8 /* PasscodeKitRemove.swift */; };
		1B44BD8A2A6A84E600A0E3C8 /* PasscodeKitVerify.swift in Sources */ = {isa = PBXBuildFile; fileRef = 1B44BD842A6A84E600A0E3C8 /* PasscodeKitVerify.swift */; };
		1B44BD8B2A6A84E600A0E3C8 /* PasscodeKitText.swift in Sources */ = {isa = PBXBuildFile; fileRef = 1B44BD852A6A84E600A0E3C8 /* PasscodeKitText.swift */; };
		1B44BD8C2A6A84E600A0E3C8 /* PasscodeKitChange.swift in Sources */ = {isa = PBXBuildFile; fileRef = 1B44BD862A6A84E600A0E3C8 /* PasscodeKitChange.swift */; };
		1B44BD8D2A6A84E600A0E3C8 /* PasscodeKit.swift in Sources */ = {isa = PBXBuildFile; fileRef = 1B44BD872A6A84E600A0E3C8 /* PasscodeKit.swift */; };
		1B44BD932A6A84FB00A0E3C8 /* PasscodeView.xib in Resources */ = {isa = PBXBuildFile; fileRef = 1B44BD8F2A6A84FB00A0E3C8 /* PasscodeView.xib */; };
		1B44BD942A6A84FB00A0E3C8 /* ViewController.swift in Sources */ = {isa = PBXBuildFile; fileRef = 1B44BD902A6A84FB00A0E3C8 /* ViewController.swift */; };
		1B44BD952A6A84FB00A0E3C8 /* ViewController.xib in Resources */ = {isa = PBXBuildFile; fileRef = 1B44BD912A6A84FB00A0E3C8 /* ViewController.xib */; };
		1B44BD962A6A84FB00A0E3C8 /* PasscodeView.swift in Sources */ = {isa = PBXBuildFile; fileRef = 1B44BD922A6A84FB00A0E3C8 /* PasscodeView.swift */; };
		1B44BD992A6A95EE00A0E3C8 /* SimpleKeychain in Frameworks */ = {isa = PBXBuildFile; productRef = 1B44BD982A6A95EE00A0E3C8 /* SimpleKeychain */; };
		1B44BD9C2A6A960D00A0E3C8 /* KeychainService.swift in Sources */ = {isa = PBXBuildFile; fileRef = 1B44BD9B2A6A960D00A0E3C8 /* KeychainService.swift */; };
		1B44BD9E2A6ACC4E00A0E3C8 /* SecretArticle.swift in Sources */ = {isa = PBXBuildFile; fileRef = 1B44BD9D2A6ACC4E00A0E3C8 /* SecretArticle.swift */; };
		1B44BDA22A6FE54700A0E3C8 /* PasscodeSettingsCoordinator.swift in Sources */ = {isa = PBXBuildFile; fileRef = 1B44BDA12A6FE54700A0E3C8 /* PasscodeSettingsCoordinator.swift */; };
		1B44BDA42A70050C00A0E3C8 /* String+DateFormatter.swift in Sources */ = {isa = PBXBuildFile; fileRef = 1B44BDA32A70050C00A0E3C8 /* String+DateFormatter.swift */; };
		1BA046982A58762400E63F46 /* DisplayableArticle.swift in Sources */ = {isa = PBXBuildFile; fileRef = 1BA046972A58762400E63F46 /* DisplayableArticle.swift */; };
		1BA0469A2A5952DC00E63F46 /* String+isNotEmpty.swift in Sources */ = {isa = PBXBuildFile; fileRef = 1BA046992A5952DC00E63F46 /* String+isNotEmpty.swift */; };
		1BA0469D2A59574C00E63F46 /* AlertProtocol.swift in Sources */ = {isa = PBXBuildFile; fileRef = 1BA0469C2A59574C00E63F46 /* AlertProtocol.swift */; };
		1BA046A62A59699A00E63F46 /* .swiftlint.yml in Resources */ = {isa = PBXBuildFile; fileRef = 1BA046A52A59699A00E63F46 /* .swiftlint.yml */; };
		1BA046A82A5C360700E63F46 /* DetailViewController.swift in Sources */ = {isa = PBXBuildFile; fileRef = 1BA046A72A5C360700E63F46 /* DetailViewController.swift */; };
		1BA046AA2A5C3E2700E63F46 /* DetailViewModel.swift in Sources */ = {isa = PBXBuildFile; fileRef = 1BA046A92A5C3E2700E63F46 /* DetailViewModel.swift */; };
		1BAE18482A547EA200466360 /* ImageAssets.swift in Sources */ = {isa = PBXBuildFile; fileRef = 1BAE18472A547EA200466360 /* ImageAssets.swift */; };
		1BAE184B2A558B1300466360 /* OrderedCollections in Frameworks */ = {isa = PBXBuildFile; productRef = 1BAE184A2A558B1300466360 /* OrderedCollections */; };
		1BAE184D2A559E9100466360 /* StoryModel.swift in Sources */ = {isa = PBXBuildFile; fileRef = 1BAE184C2A559E9100466360 /* StoryModel.swift */; };
		1BAE184F2A55A08000466360 /* String+lowercased.swift in Sources */ = {isa = PBXBuildFile; fileRef = 1BAE184E2A55A08000466360 /* String+lowercased.swift */; };
		1BAE18512A560FB100466360 /* MostViewedStoryModel.swift in Sources */ = {isa = PBXBuildFile; fileRef = 1BAE18502A560FB100466360 /* MostViewedStoryModel.swift */; };
		1BAE18562A56E85100466360 /* StoriesTableViewCell.swift in Sources */ = {isa = PBXBuildFile; fileRef = 1BAE18552A56E85100466360 /* StoriesTableViewCell.swift */; };
		1BAE18582A57232F00466360 /* UITableViewCell+dequeueCell.swift in Sources */ = {isa = PBXBuildFile; fileRef = 1BAE18572A57232E00466360 /* UITableViewCell+dequeueCell.swift */; };
		1BAE185A2A57289B00466360 /* Collection+Safe.swift in Sources */ = {isa = PBXBuildFile; fileRef = 1BAE18592A57289B00466360 /* Collection+Safe.swift */; };
		1BAE185C2A572B3E00466360 /* UIImageView+asyncLoadImage.swift in Sources */ = {isa = PBXBuildFile; fileRef = 1BAE185B2A572B3E00466360 /* UIImageView+asyncLoadImage.swift */; };
		1BAE185F2A572D6B00466360 /* CustomImageView.swift in Sources */ = {isa = PBXBuildFile; fileRef = 1BAE185E2A572D6B00466360 /* CustomImageView.swift */; };
		1BAE18612A573D5300466360 /* UIImageVIew+setImage.swift in Sources */ = {isa = PBXBuildFile; fileRef = 1BAE18602A573D5300466360 /* UIImageVIew+setImage.swift */; };
		1BAE18632A573D9B00466360 /* UIView+Appearance.swift in Sources */ = {isa = PBXBuildFile; fileRef = 1BAE18622A573D9B00466360 /* UIView+Appearance.swift */; };
/* End PBXBuildFile section */

/* Begin PBXFileReference section */
		1B3D752D2A4D5F0000235968 /* NewsApp.app */ = {isa = PBXFileReference; explicitFileType = wrapper.application; includeInIndex = 0; path = NewsApp.app; sourceTree = BUILT_PRODUCTS_DIR; };
		1B3D75302A4D5F0000235968 /* AppDelegate.swift */ = {isa = PBXFileReference; lastKnownFileType = sourcecode.swift; path = AppDelegate.swift; sourceTree = "<group>"; };
		1B3D75322A4D5F0000235968 /* SceneDelegate.swift */ = {isa = PBXFileReference; lastKnownFileType = sourcecode.swift; path = SceneDelegate.swift; sourceTree = "<group>"; };
		1B3D75342A4D5F0000235968 /* HomeViewController.swift */ = {isa = PBXFileReference; lastKnownFileType = sourcecode.swift; path = HomeViewController.swift; sourceTree = "<group>"; };
		1B3D75372A4D5F0000235968 /* Base */ = {isa = PBXFileReference; lastKnownFileType = file.storyboard; name = Base; path = Base.lproj/Main.storyboard; sourceTree = "<group>"; };
		1B3D753A2A4D5F0000235968 /* NewsApp.xcdatamodel */ = {isa = PBXFileReference; lastKnownFileType = wrapper.xcdatamodel; path = NewsApp.xcdatamodel; sourceTree = "<group>"; };
		1B3D753C2A4D5F0100235968 /* Assets.xcassets */ = {isa = PBXFileReference; lastKnownFileType = folder.assetcatalog; path = Assets.xcassets; sourceTree = "<group>"; };
		1B3D753F2A4D5F0100235968 /* Base */ = {isa = PBXFileReference; lastKnownFileType = file.storyboard; name = Base; path = Base.lproj/LaunchScreen.storyboard; sourceTree = "<group>"; };
		1B3D75412A4D5F0100235968 /* Info.plist */ = {isa = PBXFileReference; lastKnownFileType = text.plist.xml; path = Info.plist; sourceTree = "<group>"; };
		1B3D754F2A4D642100235968 /* NetworkError.swift */ = {isa = PBXFileReference; lastKnownFileType = sourcecode.swift; path = NetworkError.swift; sourceTree = "<group>"; };
		1B3D75522A4D668000235968 /* StoriesNetworkService.swift */ = {isa = PBXFileReference; lastKnownFileType = sourcecode.swift; path = StoriesNetworkService.swift; sourceTree = "<group>"; };
		1B3D75552A4D678700235968 /* SectionListModel.swift */ = {isa = PBXFileReference; lastKnownFileType = sourcecode.swift; path = SectionListModel.swift; sourceTree = "<group>"; };
		1B3D75592A4D6FEE00235968 /* RequestCreator.swift */ = {isa = PBXFileReference; lastKnownFileType = sourcecode.swift; path = RequestCreator.swift; sourceTree = "<group>"; };
		1B3D755C2A4D70EA00235968 /* RequestBuilderProtocol.swift */ = {isa = PBXFileReference; lastKnownFileType = sourcecode.swift; path = RequestBuilderProtocol.swift; sourceTree = "<group>"; };
		1B3D755E2A4D712500235968 /* URLBuilderProtocol.swift */ = {isa = PBXFileReference; lastKnownFileType = sourcecode.swift; path = URLBuilderProtocol.swift; sourceTree = "<group>"; };
		1B3D75612A4D77FC00235968 /* URLComponents+setQueryItems.swift */ = {isa = PBXFileReference; lastKnownFileType = sourcecode.swift; path = "URLComponents+setQueryItems.swift"; sourceTree = "<group>"; };
		1B3D75632A4D783500235968 /* Encodable+Queries.swift */ = {isa = PBXFileReference; lastKnownFileType = sourcecode.swift; path = "Encodable+Queries.swift"; sourceTree = "<group>"; };
		1B3D75662A4D790A00235968 /* HTTPMethod.swift */ = {isa = PBXFileReference; lastKnownFileType = sourcecode.swift; path = HTTPMethod.swift; sourceTree = "<group>"; };
		1B3D75682A4D79F300235968 /* HeaderType.swift */ = {isa = PBXFileReference; lastKnownFileType = sourcecode.swift; path = HeaderType.swift; sourceTree = "<group>"; };
		1B3D756A2A4D7AEB00235968 /* StoriesURLs.swift */ = {isa = PBXFileReference; lastKnownFileType = sourcecode.swift; path = StoriesURLs.swift; sourceTree = "<group>"; };
		1B3D756C2A4D7D2000235968 /* ApiKeyQuery.swift */ = {isa = PBXFileReference; lastKnownFileType = sourcecode.swift; path = ApiKeyQuery.swift; sourceTree = "<group>"; };
		1B3D756F2A4D7DBB00235968 /* Constants.swift */ = {isa = PBXFileReference; lastKnownFileType = sourcecode.swift; path = Constants.swift; sourceTree = "<group>"; };
		1B3D75732A4D7F1200235968 /* NetworkService.swift */ = {isa = PBXFileReference; lastKnownFileType = sourcecode.swift; path = NetworkService.swift; sourceTree = "<group>"; };
		1B3D75752A4D7F3200235968 /* HTTPResponse.swift */ = {isa = PBXFileReference; lastKnownFileType = sourcecode.swift; path = HTTPResponse.swift; sourceTree = "<group>"; };
		1B3D75772A4D803A00235968 /* URLResponse+checks.swift */ = {isa = PBXFileReference; lastKnownFileType = sourcecode.swift; path = "URLResponse+checks.swift"; sourceTree = "<group>"; };
		1B3D757B2A4D809F00235968 /* Int+isInBetween.swift */ = {isa = PBXFileReference; lastKnownFileType = sourcecode.swift; path = "Int+isInBetween.swift"; sourceTree = "<group>"; };
		1B3D75802A4D819700235968 /* HomeViewModel.swift */ = {isa = PBXFileReference; lastKnownFileType = sourcecode.swift; path = HomeViewModel.swift; sourceTree = "<group>"; };
		1B44BD132A5ECEBE00A0E3C8 /* ShimmerEffectProtocol.swift */ = {isa = PBXFileReference; lastKnownFileType = sourcecode.swift; path = ShimmerEffectProtocol.swift; sourceTree = "<group>"; };
		1B44BD152A5ECED000A0E3C8 /* ShimmerButton.swift */ = {isa = PBXFileReference; lastKnownFileType = sourcecode.swift; path = ShimmerButton.swift; sourceTree = "<group>"; };
		1B44BD172A5EDAD300A0E3C8 /* SwipableNavigationController.swift */ = {isa = PBXFileReference; lastKnownFileType = sourcecode.swift; path = SwipableNavigationController.swift; sourceTree = "<group>"; };
		1B44BD1A2A5FFE3E00A0E3C8 /* LikedArticlePersistentService.swift */ = {isa = PBXFileReference; lastKnownFileType = sourcecode.swift; path = LikedArticlePersistentService.swift; sourceTree = "<group>"; };
		1B44BD1C2A60224600A0E3C8 /* LikedArticlesViewController.swift */ = {isa = PBXFileReference; lastKnownFileType = sourcecode.swift; path = LikedArticlesViewController.swift; sourceTree = "<group>"; };
		1B44BD1E2A60225D00A0E3C8 /* LikedArticlesViewModel.swift */ = {isa = PBXFileReference; lastKnownFileType = sourcecode.swift; path = LikedArticlesViewModel.swift; sourceTree = "<group>"; };
		1B44BD202A60236200A0E3C8 /* CoreDataError.swift */ = {isa = PBXFileReference; lastKnownFileType = sourcecode.swift; path = CoreDataError.swift; sourceTree = "<group>"; };
		1B44BD222A60429000A0E3C8 /* NSManagedObject+value.swift */ = {isa = PBXFileReference; lastKnownFileType = sourcecode.swift; path = "NSManagedObject+value.swift"; sourceTree = "<group>"; };
		1B44BD252A6042EE00A0E3C8 /* NSManagedObjectValueTitie.swift */ = {isa = PBXFileReference; lastKnownFileType = sourcecode.swift; path = NSManagedObjectValueTitie.swift; sourceTree = "<group>"; };
		1B44BD272A6044FA00A0E3C8 /* LikedArticleModel.swift */ = {isa = PBXFileReference; lastKnownFileType = sourcecode.swift; path = LikedArticleModel.swift; sourceTree = "<group>"; };
		1B44BD292A65589C00A0E3C8 /* LikedArticleTableViewCell.swift */ = {isa = PBXFileReference; lastKnownFileType = sourcecode.swift; path = LikedArticleTableViewCell.swift; sourceTree = "<group>"; };
		1B44BD312A65ABDB00A0E3C8 /* UIView+ShowHIde.swift */ = {isa = PBXFileReference; lastKnownFileType = sourcecode.swift; path = "UIView+ShowHIde.swift"; sourceTree = "<group>"; };
		1B44BD332A66712400A0E3C8 /* ColorAssets.swift */ = {isa = PBXFileReference; lastKnownFileType = sourcecode.swift; path = ColorAssets.swift; sourceTree = "<group>"; };
		1B44BD402A66C9ED00A0E3C8 /* Theme.swift */ = {isa = PBXFileReference; lastKnownFileType = sourcecode.swift; path = Theme.swift; sourceTree = "<group>"; };
		1B44BD422A66CC5A00A0E3C8 /* ThemeViewController.swift */ = {isa = PBXFileReference; lastKnownFileType = sourcecode.swift; path = ThemeViewController.swift; sourceTree = "<group>"; };
		1B44BD442A66CCAE00A0E3C8 /* UserDefaults+theme.swift */ = {isa = PBXFileReference; lastKnownFileType = sourcecode.swift; path = "UserDefaults+theme.swift"; sourceTree = "<group>"; };
		1B44BD472A6802E100A0E3C8 /* LocalNotification.swift */ = {isa = PBXFileReference; lastKnownFileType = sourcecode.swift; path = LocalNotification.swift; sourceTree = "<group>"; };
		1B44BD5A2A69466000A0E3C8 /* Coordinator.swift */ = {isa = PBXFileReference; fileEncoding = 4; lastKnownFileType = sourcecode.swift; path = Coordinator.swift; sourceTree = "<group>"; };
		1B44BD612A695F4B00A0E3C8 /* HomeCoordinator.swift */ = {isa = PBXFileReference; lastKnownFileType = sourcecode.swift; path = HomeCoordinator.swift; sourceTree = "<group>"; };
		1B44BD632A69619200A0E3C8 /* ThemesCoordinator.swift */ = {isa = PBXFileReference; lastKnownFileType = sourcecode.swift; path = ThemesCoordinator.swift; sourceTree = "<group>"; };
		1B44BD652A696C7500A0E3C8 /* LikedArticlesCoordinator.swift */ = {isa = PBXFileReference; lastKnownFileType = sourcecode.swift; path = LikedArticlesCoordinator.swift; sourceTree = "<group>"; };
		1B44BD672A6975FD00A0E3C8 /* ArticleDetailsCoordinator.swift */ = {isa = PBXFileReference; lastKnownFileType = sourcecode.swift; path = ArticleDetailsCoordinator.swift; sourceTree = "<group>"; };
		1B44BD822A6A84E600A0E3C8 /* PasscodeKitCreate.swift */ = {isa = PBXFileReference; fileEncoding = 4; lastKnownFileType = sourcecode.swift; path = PasscodeKitCreate.swift; sourceTree = "<group>"; };
		1B44BD832A6A84E600A0E3C8 /* PasscodeKitRemove.swift */ = {isa = PBXFileReference; fileEncoding = 4; lastKnownFileType = sourcecode.swift; path = PasscodeKitRemove.swift; sourceTree = "<group>"; };
		1B44BD842A6A84E600A0E3C8 /* PasscodeKitVerify.swift */ = {isa = PBXFileReference; fileEncoding = 4; lastKnownFileType = sourcecode.swift; path = PasscodeKitVerify.swift; sourceTree = "<group>"; };
		1B44BD852A6A84E600A0E3C8 /* PasscodeKitText.swift */ = {isa = PBXFileReference; fileEncoding = 4; lastKnownFileType = sourcecode.swift; path = PasscodeKitText.swift; sourceTree = "<group>"; };
		1B44BD862A6A84E600A0E3C8 /* PasscodeKitChange.swift */ = {isa = PBXFileReference; fileEncoding = 4; lastKnownFileType = sourcecode.swift; path = PasscodeKitChange.swift; sourceTree = "<group>"; };
		1B44BD872A6A84E600A0E3C8 /* PasscodeKit.swift */ = {isa = PBXFileReference; fileEncoding = 4; lastKnownFileType = sourcecode.swift; path = PasscodeKit.swift; sourceTree = "<group>"; };
		1B44BD8F2A6A84FB00A0E3C8 /* PasscodeView.xib */ = {isa = PBXFileReference; fileEncoding = 4; lastKnownFileType = file.xib; path = PasscodeView.xib; sourceTree = "<group>"; };
		1B44BD902A6A84FB00A0E3C8 /* ViewController.swift */ = {isa = PBXFileReference; fileEncoding = 4; lastKnownFileType = sourcecode.swift; path = ViewController.swift; sourceTree = "<group>"; };
		1B44BD912A6A84FB00A0E3C8 /* ViewController.xib */ = {isa = PBXFileReference; fileEncoding = 4; lastKnownFileType = file.xib; path = ViewController.xib; sourceTree = "<group>"; };
		1B44BD922A6A84FB00A0E3C8 /* PasscodeView.swift */ = {isa = PBXFileReference; fileEncoding = 4; lastKnownFileType = sourcecode.swift; path = PasscodeView.swift; sourceTree = "<group>"; };
		1B44BD9B2A6A960D00A0E3C8 /* KeychainService.swift */ = {isa = PBXFileReference; lastKnownFileType = sourcecode.swift; path = KeychainService.swift; sourceTree = "<group>"; };
		1B44BD9D2A6ACC4E00A0E3C8 /* SecretArticle.swift */ = {isa = PBXFileReference; lastKnownFileType = sourcecode.swift; path = SecretArticle.swift; sourceTree = "<group>"; };
		1B44BDA12A6FE54700A0E3C8 /* PasscodeSettingsCoordinator.swift */ = {isa = PBXFileReference; lastKnownFileType = sourcecode.swift; path = PasscodeSettingsCoordinator.swift; sourceTree = "<group>"; };
		1B44BDA32A70050C00A0E3C8 /* String+DateFormatter.swift */ = {isa = PBXFileReference; lastKnownFileType = sourcecode.swift; path = "String+DateFormatter.swift"; sourceTree = "<group>"; };
		1BA046972A58762400E63F46 /* DisplayableArticle.swift */ = {isa = PBXFileReference; lastKnownFileType = sourcecode.swift; path = DisplayableArticle.swift; sourceTree = "<group>"; };
		1BA046992A5952DC00E63F46 /* String+isNotEmpty.swift */ = {isa = PBXFileReference; lastKnownFileType = sourcecode.swift; path = "String+isNotEmpty.swift"; sourceTree = "<group>"; };
		1BA0469C2A59574C00E63F46 /* AlertProtocol.swift */ = {isa = PBXFileReference; lastKnownFileType = sourcecode.swift; path = AlertProtocol.swift; sourceTree = "<group>"; };
		1BA046A52A59699A00E63F46 /* .swiftlint.yml */ = {isa = PBXFileReference; lastKnownFileType = text.yaml; path = .swiftlint.yml; sourceTree = "<group>"; };
		1BA046A72A5C360700E63F46 /* DetailViewController.swift */ = {isa = PBXFileReference; lastKnownFileType = sourcecode.swift; path = DetailViewController.swift; sourceTree = "<group>"; };
		1BA046A92A5C3E2700E63F46 /* DetailViewModel.swift */ = {isa = PBXFileReference; lastKnownFileType = sourcecode.swift; path = DetailViewModel.swift; sourceTree = "<group>"; };
		1BAE18472A547EA200466360 /* ImageAssets.swift */ = {isa = PBXFileReference; lastKnownFileType = sourcecode.swift; path = ImageAssets.swift; sourceTree = "<group>"; };
		1BAE184C2A559E9100466360 /* StoryModel.swift */ = {isa = PBXFileReference; lastKnownFileType = sourcecode.swift; path = StoryModel.swift; sourceTree = "<group>"; };
		1BAE184E2A55A08000466360 /* String+lowercased.swift */ = {isa = PBXFileReference; lastKnownFileType = sourcecode.swift; path = "String+lowercased.swift"; sourceTree = "<group>"; };
		1BAE18502A560FB100466360 /* MostViewedStoryModel.swift */ = {isa = PBXFileReference; lastKnownFileType = sourcecode.swift; path = MostViewedStoryModel.swift; sourceTree = "<group>"; };
		1BAE18552A56E85100466360 /* StoriesTableViewCell.swift */ = {isa = PBXFileReference; lastKnownFileType = sourcecode.swift; path = StoriesTableViewCell.swift; sourceTree = "<group>"; };
		1BAE18572A57232E00466360 /* UITableViewCell+dequeueCell.swift */ = {isa = PBXFileReference; lastKnownFileType = sourcecode.swift; path = "UITableViewCell+dequeueCell.swift"; sourceTree = "<group>"; };
		1BAE18592A57289B00466360 /* Collection+Safe.swift */ = {isa = PBXFileReference; lastKnownFileType = sourcecode.swift; path = "Collection+Safe.swift"; sourceTree = "<group>"; };
		1BAE185B2A572B3E00466360 /* UIImageView+asyncLoadImage.swift */ = {isa = PBXFileReference; lastKnownFileType = sourcecode.swift; path = "UIImageView+asyncLoadImage.swift"; sourceTree = "<group>"; };
		1BAE185E2A572D6B00466360 /* CustomImageView.swift */ = {isa = PBXFileReference; lastKnownFileType = sourcecode.swift; path = CustomImageView.swift; sourceTree = "<group>"; };
		1BAE18602A573D5300466360 /* UIImageVIew+setImage.swift */ = {isa = PBXFileReference; lastKnownFileType = sourcecode.swift; path = "UIImageVIew+setImage.swift"; sourceTree = "<group>"; };
		1BAE18622A573D9B00466360 /* UIView+Appearance.swift */ = {isa = PBXFileReference; lastKnownFileType = sourcecode.swift; path = "UIView+Appearance.swift"; sourceTree = "<group>"; };
/* End PBXFileReference section */

/* Begin PBXFrameworksBuildPhase section */
		1B3D752A2A4D5F0000235968 /* Frameworks */ = {
			isa = PBXFrameworksBuildPhase;
			buildActionMask = 2147483647;
			files = (
				1BAE184B2A558B1300466360 /* OrderedCollections in Frameworks */,
				1B44BD2D2A6576DA00A0E3C8 /* NotificationBannerSwift in Frameworks */,
				1B3D754C2A4D60E500235968 /* SnapKit in Frameworks */,
				1B44BD302A657C7B00A0E3C8 /* Lottie in Frameworks */,
				1B44BD992A6A95EE00A0E3C8 /* SimpleKeychain in Frameworks */,
			);
			runOnlyForDeploymentPostprocessing = 0;
		};
/* End PBXFrameworksBuildPhase section */

/* Begin PBXGroup section */
		1B037F142A7036640017C798 /* Details */ = {
			isa = PBXGroup;
			children = (
				1B037F1E2A7037AC0017C798 /* ViewModels */,
				1B037F1D2A7037A70017C798 /* Views */,
			);
			path = Details;
			sourceTree = "<group>";
		};
		1B037F152A70366D0017C798 /* LikedArticles */ = {
			isa = PBXGroup;
			children = (
				1B037F1F2A7037D60017C798 /* Models */,
				1B037F1B2A7037580017C798 /* ViewModels */,
				1B037F1A2A7037500017C798 /* Views */,
			);
			path = LikedArticles;
			sourceTree = "<group>";
		};
		1B037F162A70367F0017C798 /* Themes */ = {
			isa = PBXGroup;
			children = (
				1B037F172A7036CF0017C798 /* Views */,
			);
			path = Themes;
			sourceTree = "<group>";
		};
		1B037F172A7036CF0017C798 /* Views */ = {
			isa = PBXGroup;
			children = (
				1B44BD422A66CC5A00A0E3C8 /* ThemeViewController.swift */,
			);
			path = Views;
			sourceTree = "<group>";
		};
		1B037F1A2A7037500017C798 /* Views */ = {
			isa = PBXGroup;
			children = (
				1B037F212A70385C0017C798 /* Table Elements */,
				1B44BD1C2A60224600A0E3C8 /* LikedArticlesViewController.swift */,
			);
			path = Views;
			sourceTree = "<group>";
		};
		1B037F1B2A7037580017C798 /* ViewModels */ = {
			isa = PBXGroup;
			children = (
				1B44BD1E2A60225D00A0E3C8 /* LikedArticlesViewModel.swift */,
			);
			path = ViewModels;
			sourceTree = "<group>";
		};
		1B037F1D2A7037A70017C798 /* Views */ = {
			isa = PBXGroup;
			children = (
				1BA046A72A5C360700E63F46 /* DetailViewController.swift */,
			);
			path = Views;
			sourceTree = "<group>";
		};
		1B037F1E2A7037AC0017C798 /* ViewModels */ = {
			isa = PBXGroup;
			children = (
				1BA046A92A5C3E2700E63F46 /* DetailViewModel.swift */,
			);
			path = ViewModels;
			sourceTree = "<group>";
		};
		1B037F1F2A7037D60017C798 /* Models */ = {
			isa = PBXGroup;
			children = (
				1B44BD9D2A6ACC4E00A0E3C8 /* SecretArticle.swift */,
				1B44BD272A6044FA00A0E3C8 /* LikedArticleModel.swift */,
			);
			path = Models;
			sourceTree = "<group>";
		};
		1B037F212A70385C0017C798 /* Table Elements */ = {
			isa = PBXGroup;
			children = (
				1B44BD292A65589C00A0E3C8 /* LikedArticleTableViewCell.swift */,
			);
			path = "Table Elements";
			sourceTree = "<group>";
		};
		1B037F222A7039270017C798 /* UIImageView */ = {
			isa = PBXGroup;
			children = (
				1BAE185B2A572B3E00466360 /* UIImageView+asyncLoadImage.swift */,
				1BAE18602A573D5300466360 /* UIImageVIew+setImage.swift */,
			);
			path = UIImageView;
			sourceTree = "<group>";
		};
		1B037F232A7039350017C798 /* UIView */ = {
			isa = PBXGroup;
			children = (
				1BAE18622A573D9B00466360 /* UIView+Appearance.swift */,
				1B44BD312A65ABDB00A0E3C8 /* UIView+ShowHIde.swift */,
			);
			path = UIView;
			sourceTree = "<group>";
		};
		1B037F242A7039450017C798 /* String */ = {
			isa = PBXGroup;
			children = (
				1BAE184E2A55A08000466360 /* String+lowercased.swift */,
				1BA046992A5952DC00E63F46 /* String+isNotEmpty.swift */,
				1B44BDA32A70050C00A0E3C8 /* String+DateFormatter.swift */,
			);
			path = String;
			sourceTree = "<group>";
		};
		1B037F252A703A000017C798 /* Misc */ = {
			isa = PBXGroup;
			children = (
				1B44BD172A5EDAD300A0E3C8 /* SwipableNavigationController.swift */,
				1B3D75612A4D77FC00235968 /* URLComponents+setQueryItems.swift */,
				1B3D75632A4D783500235968 /* Encodable+Queries.swift */,
				1B3D75772A4D803A00235968 /* URLResponse+checks.swift */,
				1B3D757B2A4D809F00235968 /* Int+isInBetween.swift */,
				1BAE18572A57232E00466360 /* UITableViewCell+dequeueCell.swift */,
				1BAE18592A57289B00466360 /* Collection+Safe.swift */,
				1B44BD222A60429000A0E3C8 /* NSManagedObject+value.swift */,
			);
			path = Misc;
			sourceTree = "<group>";
		};
		1B3D75242A4D5F0000235968 = {
			isa = PBXGroup;
			children = (
				1B3D752F2A4D5F0000235968 /* NewsApp */,
				1BA046A52A59699A00E63F46 /* .swiftlint.yml */,
				1B3D752E2A4D5F0000235968 /* Products */,
			);
			sourceTree = "<group>";
		};
		1B3D752E2A4D5F0000235968 /* Products */ = {
			isa = PBXGroup;
			children = (
				1B3D752D2A4D5F0000235968 /* NewsApp.app */,
			);
			name = Products;
			sourceTree = "<group>";
		};
		1B3D752F2A4D5F0000235968 /* NewsApp */ = {
			isa = PBXGroup;
			children = (
				1B44BD602A695F3200A0E3C8 /* Coordinators */,
				1B3D75472A4D601400235968 /* Flow */,
				1B3D754D2A4D63E500235968 /* Services */,
				1B3D75602A4D77D000235968 /* Extensions */,
				1B44BD112A5ECE8C00A0E3C8 /* Helpers */,
				1B3D756E2A4D7DAA00235968 /* Constants */,
				1B3D75492A4D604900235968 /* Assets */,
				1B3D75482A4D601B00235968 /* System files */,
			);
			path = NewsApp;
			sourceTree = "<group>";
		};
		1B3D75472A4D601400235968 /* Flow */ = {
			isa = PBXGroup;
			children = (
				1B037F162A70367F0017C798 /* Themes */,
				1B037F152A70366D0017C798 /* LikedArticles */,
				1B037F142A7036640017C798 /* Details */,
				1B3D757D2A4D815C00235968 /* Home */,
			);
			path = Flow;
			sourceTree = "<group>";
		};
		1B3D75482A4D601B00235968 /* System files */ = {
			isa = PBXGroup;
			children = (
				1B3D75302A4D5F0000235968 /* AppDelegate.swift */,
				1B3D75322A4D5F0000235968 /* SceneDelegate.swift */,
				1B3D75362A4D5F0000235968 /* Main.storyboard */,
				1B3D753E2A4D5F0100235968 /* LaunchScreen.storyboard */,
				1B3D75412A4D5F0100235968 /* Info.plist */,
				1B3D75392A4D5F0000235968 /* LikedArticle.xcdatamodeld */,
			);
			path = "System files";
			sourceTree = "<group>";
		};
		1B3D75492A4D604900235968 /* Assets */ = {
			isa = PBXGroup;
			children = (
				1B3D753C2A4D5F0100235968 /* Assets.xcassets */,
				1BAE18472A547EA200466360 /* ImageAssets.swift */,
				1B44BD332A66712400A0E3C8 /* ColorAssets.swift */,
			);
			path = Assets;
			sourceTree = "<group>";
		};
		1B3D754D2A4D63E500235968 /* Services */ = {
			isa = PBXGroup;
			children = (
				1B44BD812A6A84CF00A0E3C8 /* PasscodeKit */,
				1B44BD9A2A6A95F800A0E3C8 /* Keychain */,
				1B44BD462A6802C200A0E3C8 /* LocalNofitications */,
				1B44BD3F2A66C9D700A0E3C8 /* UserDefaultsThemes */,
				1B44BD192A5FFE3000A0E3C8 /* CoreData */,
				1B3D754E2A4D640600235968 /* Network */,
			);
			path = Services;
			sourceTree = "<group>";
		};
		1B3D754E2A4D640600235968 /* Network */ = {
			isa = PBXGroup;
			children = (
				1BAE18522A5611CF00466360 /* Models */,
				1B3D75572A4D6FC500235968 /* Requests */,
				1B3D75512A4D666100235968 /* Queries */,
				1B3D75712A4D7E1E00235968 /* Errors */,
				1B3D75732A4D7F1200235968 /* NetworkService.swift */,
			);
			path = Network;
			sourceTree = "<group>";
		};
		1B3D75512A4D666100235968 /* Queries */ = {
			isa = PBXGroup;
			children = (
				1B3D756C2A4D7D2000235968 /* ApiKeyQuery.swift */,
			);
			path = Queries;
			sourceTree = "<group>";
		};
		1B3D75572A4D6FC500235968 /* Requests */ = {
			isa = PBXGroup;
			children = (
				1B3D75722A4D7ED900235968 /* Stories */,
				1B3D75652A4D78FA00235968 /* Helpers */,
				1B3D755B2A4D70CD00235968 /* Builders */,
			);
			path = Requests;
			sourceTree = "<group>";
		};
		1B3D755B2A4D70CD00235968 /* Builders */ = {
			isa = PBXGroup;
			children = (
				1B3D755C2A4D70EA00235968 /* RequestBuilderProtocol.swift */,
				1B3D755E2A4D712500235968 /* URLBuilderProtocol.swift */,
				1B3D75592A4D6FEE00235968 /* RequestCreator.swift */,
			);
			path = Builders;
			sourceTree = "<group>";
		};
		1B3D75602A4D77D000235968 /* Extensions */ = {
			isa = PBXGroup;
			children = (
				1B037F242A7039450017C798 /* String */,
				1B037F232A7039350017C798 /* UIView */,
				1B037F222A7039270017C798 /* UIImageView */,
				1B037F252A703A000017C798 /* Misc */,
			);
			path = Extensions;
			sourceTree = "<group>";
		};
		1B3D75652A4D78FA00235968 /* Helpers */ = {
			isa = PBXGroup;
			children = (
				1BA0469B2A59573700E63F46 /* UI */,
				1B3D75662A4D790A00235968 /* HTTPMethod.swift */,
				1B3D75682A4D79F300235968 /* HeaderType.swift */,
			);
			path = Helpers;
			sourceTree = "<group>";
		};
		1B3D756E2A4D7DAA00235968 /* Constants */ = {
			isa = PBXGroup;
			children = (
				1B3D756F2A4D7DBB00235968 /* Constants.swift */,
			);
			path = Constants;
			sourceTree = "<group>";
		};
		1B3D75712A4D7E1E00235968 /* Errors */ = {
			isa = PBXGroup;
			children = (
				1B3D754F2A4D642100235968 /* NetworkError.swift */,
			);
			path = Errors;
			sourceTree = "<group>";
		};
		1B3D75722A4D7ED900235968 /* Stories */ = {
			isa = PBXGroup;
			children = (
				1B3D75522A4D668000235968 /* StoriesNetworkService.swift */,
				1B3D756A2A4D7AEB00235968 /* StoriesURLs.swift */,
			);
			path = Stories;
			sourceTree = "<group>";
		};
		1B3D757D2A4D815C00235968 /* Home */ = {
			isa = PBXGroup;
			children = (
				1BAE18532A569ACB00466360 /* Models */,
				1B3D757F2A4D817E00235968 /* ViewModels */,
				1B3D757E2A4D817700235968 /* Views */,
			);
			path = Home;
			sourceTree = "<group>";
		};
		1B3D757E2A4D817700235968 /* Views */ = {
			isa = PBXGroup;
			children = (
				1BAE185D2A572D5600466360 /* Table elements */,
				1B3D75342A4D5F0000235968 /* HomeViewController.swift */,
			);
			path = Views;
			sourceTree = "<group>";
		};
		1B3D757F2A4D817E00235968 /* ViewModels */ = {
			isa = PBXGroup;
			children = (
				1B3D75802A4D819700235968 /* HomeViewModel.swift */,
			);
			path = ViewModels;
			sourceTree = "<group>";
		};
		1B44BD112A5ECE8C00A0E3C8 /* Helpers */ = {
			isa = PBXGroup;
			children = (
				1B44BD802A6A83AF00A0E3C8 /* UI */,
			);
			path = Helpers;
			sourceTree = "<group>";
		};
		1B44BD122A5ECE9D00A0E3C8 /* ShimmerButton */ = {
			isa = PBXGroup;
			children = (
				1B44BD132A5ECEBE00A0E3C8 /* ShimmerEffectProtocol.swift */,
				1B44BD152A5ECED000A0E3C8 /* ShimmerButton.swift */,
			);
			path = ShimmerButton;
			sourceTree = "<group>";
		};
		1B44BD192A5FFE3000A0E3C8 /* CoreData */ = {
			isa = PBXGroup;
			children = (
				1B44BD242A6042C000A0E3C8 /* Helpers */,
				1B44BD1A2A5FFE3E00A0E3C8 /* LikedArticlePersistentService.swift */,
				1B44BD202A60236200A0E3C8 /* CoreDataError.swift */,
			);
			path = CoreData;
			sourceTree = "<group>";
		};
		1B44BD242A6042C000A0E3C8 /* Helpers */ = {
			isa = PBXGroup;
			children = (
				1B44BD252A6042EE00A0E3C8 /* NSManagedObjectValueTitie.swift */,
			);
			path = Helpers;
			sourceTree = "<group>";
		};
		1B44BD3F2A66C9D700A0E3C8 /* UserDefaultsThemes */ = {
			isa = PBXGroup;
			children = (
				1B44BD442A66CCAE00A0E3C8 /* UserDefaults+theme.swift */,
				1B44BD402A66C9ED00A0E3C8 /* Theme.swift */,
			);
			name = UserDefaultsThemes;
			path = ../Helpers/UserDefaultsThemes;
			sourceTree = "<group>";
		};
		1B44BD462A6802C200A0E3C8 /* LocalNofitications */ = {
			isa = PBXGroup;
			children = (
				1B44BD472A6802E100A0E3C8 /* LocalNotification.swift */,
			);
			name = LocalNofitications;
			path = ../Helpers/LocalNofitications;
			sourceTree = "<group>";
		};
		1B44BD602A695F3200A0E3C8 /* Coordinators */ = {
			isa = PBXGroup;
			children = (
				1B44BD5A2A69466000A0E3C8 /* Coordinator.swift */,
				1B44BD612A695F4B00A0E3C8 /* HomeCoordinator.swift */,
				1B44BD632A69619200A0E3C8 /* ThemesCoordinator.swift */,
				1B44BD652A696C7500A0E3C8 /* LikedArticlesCoordinator.swift */,
				1B44BD672A6975FD00A0E3C8 /* ArticleDetailsCoordinator.swift */,
				1B44BDA12A6FE54700A0E3C8 /* PasscodeSettingsCoordinator.swift */,
			);
			name = Coordinators;
			path = Flow/Coordinators;
			sourceTree = "<group>";
		};
		1B44BD802A6A83AF00A0E3C8 /* UI */ = {
			isa = PBXGroup;
			children = (
				1B44BD122A5ECE9D00A0E3C8 /* ShimmerButton */,
				1BAE185E2A572D6B00466360 /* CustomImageView.swift */,
			);
			path = UI;
			sourceTree = "<group>";
		};
		1B44BD812A6A84CF00A0E3C8 /* PasscodeKit */ = {
			isa = PBXGroup;
			children = (
				1B44BD8E2A6A84F000A0E3C8 /* UI */,
				1B44BD872A6A84E600A0E3C8 /* PasscodeKit.swift */,
				1B44BD862A6A84E600A0E3C8 /* PasscodeKitChange.swift */,
				1B44BD822A6A84E600A0E3C8 /* PasscodeKitCreate.swift */,
				1B44BD832A6A84E600A0E3C8 /* PasscodeKitRemove.swift */,
				1B44BD852A6A84E600A0E3C8 /* PasscodeKitText.swift */,
				1B44BD842A6A84E600A0E3C8 /* PasscodeKitVerify.swift */,
			);
			name = PasscodeKit;
			path = ../PasscodeKit;
			sourceTree = "<group>";
		};
		1B44BD8E2A6A84F000A0E3C8 /* UI */ = {
			isa = PBXGroup;
			children = (
				1B44BD922A6A84FB00A0E3C8 /* PasscodeView.swift */,
				1B44BD8F2A6A84FB00A0E3C8 /* PasscodeView.xib */,
				1B44BD902A6A84FB00A0E3C8 /* ViewController.swift */,
				1B44BD912A6A84FB00A0E3C8 /* ViewController.xib */,
			);
			path = UI;
			sourceTree = "<group>";
		};
		1B44BD9A2A6A95F800A0E3C8 /* Keychain */ = {
			isa = PBXGroup;
			children = (
				1B44BD9B2A6A960D00A0E3C8 /* KeychainService.swift */,
			);
			path = Keychain;
			sourceTree = "<group>";
		};
		1BA0469B2A59573700E63F46 /* UI */ = {
			isa = PBXGroup;
			children = (
				1BA0469C2A59574C00E63F46 /* AlertProtocol.swift */,
			);
			path = UI;
			sourceTree = "<group>";
		};
		1BAE18522A5611CF00466360 /* Models */ = {
			isa = PBXGroup;
			children = (
				1B3D75752A4D7F3200235968 /* HTTPResponse.swift */,
			);
			path = Models;
			sourceTree = "<group>";
		};
		1BAE18532A569ACB00466360 /* Models */ = {
			isa = PBXGroup;
			children = (
				1B3D75552A4D678700235968 /* SectionListModel.swift */,
				1BAE184C2A559E9100466360 /* StoryModel.swift */,
				1BAE18502A560FB100466360 /* MostViewedStoryModel.swift */,
				1BA046972A58762400E63F46 /* DisplayableArticle.swift */,
			);
			path = Models;
			sourceTree = "<group>";
		};
		1BAE185D2A572D5600466360 /* Table elements */ = {
			isa = PBXGroup;
			children = (
				1BAE18552A56E85100466360 /* StoriesTableViewCell.swift */,
			);
			path = "Table elements";
			sourceTree = "<group>";
		};
/* End PBXGroup section */

/* Begin PBXNativeTarget section */
		1B3D752C2A4D5F0000235968 /* NewsApp */ = {
			isa = PBXNativeTarget;
			buildConfigurationList = 1B3D75442A4D5F0100235968 /* Build configuration list for PBXNativeTarget "NewsApp" */;
			buildPhases = (
				1B3D75292A4D5F0000235968 /* Sources */,
				1B3D752A2A4D5F0000235968 /* Frameworks */,
				1B3D752B2A4D5F0000235968 /* Resources */,
			);
			buildRules = (
			);
			dependencies = (
				1BA046A42A59688100E63F46 /* PBXTargetDependency */,
			);
			name = NewsApp;
			packageProductDependencies = (
				1B3D754B2A4D60E500235968 /* SnapKit */,
				1BAE184A2A558B1300466360 /* OrderedCollections */,
				1B44BD2C2A6576DA00A0E3C8 /* NotificationBannerSwift */,
				1B44BD2F2A657C7B00A0E3C8 /* Lottie */,
				1B44BD982A6A95EE00A0E3C8 /* SimpleKeychain */,
			);
			productName = NewsApp;
			productReference = 1B3D752D2A4D5F0000235968 /* NewsApp.app */;
			productType = "com.apple.product-type.application";
		};
/* End PBXNativeTarget section */

/* Begin PBXProject section */
		1B3D75252A4D5F0000235968 /* Project object */ = {
			isa = PBXProject;
			attributes = {
				BuildIndependentTargetsInParallel = 1;
				LastSwiftUpdateCheck = 1500;
				LastUpgradeCheck = 1500;
				TargetAttributes = {
					1B3D752C2A4D5F0000235968 = {
						CreatedOnToolsVersion = 15.0;
					};
				};
			};
			buildConfigurationList = 1B3D75282A4D5F0000235968 /* Build configuration list for PBXProject "NewsApp" */;
			compatibilityVersion = "Xcode 14.0";
			developmentRegion = en;
			hasScannedForEncodings = 0;
			knownRegions = (
				en,
				Base,
			);
			mainGroup = 1B3D75242A4D5F0000235968;
			packageReferences = (
				1B3D754A2A4D60E500235968 /* XCRemoteSwiftPackageReference "SnapKit" */,
				1BAE18492A558B1300466360 /* XCRemoteSwiftPackageReference "swift-collections" */,
				1BA046A22A59684100E63F46 /* XCRemoteSwiftPackageReference "SwiftLint" */,
				1B44BD2B2A6576DA00A0E3C8 /* XCRemoteSwiftPackageReference "NotificationBanner" */,
				1B44BD2E2A657C7B00A0E3C8 /* XCRemoteSwiftPackageReference "lottie-spm" */,
				1B44BD972A6A95EE00A0E3C8 /* XCRemoteSwiftPackageReference "SimpleKeychain" */,
			);
			productRefGroup = 1B3D752E2A4D5F0000235968 /* Products */;
			projectDirPath = "";
			projectRoot = "";
			targets = (
				1B3D752C2A4D5F0000235968 /* NewsApp */,
			);
		};
/* End PBXProject section */

/* Begin PBXResourcesBuildPhase section */
		1B3D752B2A4D5F0000235968 /* Resources */ = {
			isa = PBXResourcesBuildPhase;
			buildActionMask = 2147483647;
			files = (
				1B44BD932A6A84FB00A0E3C8 /* PasscodeView.xib in Resources */,
				1BA046A62A59699A00E63F46 /* .swiftlint.yml in Resources */,
				1B3D75402A4D5F0100235968 /* LaunchScreen.storyboard in Resources */,
				1B3D753D2A4D5F0100235968 /* Assets.xcassets in Resources */,
				1B44BD952A6A84FB00A0E3C8 /* ViewController.xib in Resources */,
				1B3D75382A4D5F0000235968 /* Main.storyboard in Resources */,
			);
			runOnlyForDeploymentPostprocessing = 0;
		};
/* End PBXResourcesBuildPhase section */

/* Begin PBXSourcesBuildPhase section */
		1B3D75292A4D5F0000235968 /* Sources */ = {
			isa = PBXSourcesBuildPhase;
			buildActionMask = 2147483647;
			files = (
				1B44BD682A6975FD00A0E3C8 /* ArticleDetailsCoordinator.swift in Sources */,
				1B3D755A2A4D6FEE00235968 /* RequestCreator.swift in Sources */,
				1BAE18632A573D9B00466360 /* UIView+Appearance.swift in Sources */,
				1B3D75812A4D819700235968 /* HomeViewModel.swift in Sources */,
				1BA0469A2A5952DC00E63F46 /* String+isNotEmpty.swift in Sources */,
				1BAE18482A547EA200466360 /* ImageAssets.swift in Sources */,
				1B44BD942A6A84FB00A0E3C8 /* ViewController.swift in Sources */,
				1B3D75702A4D7DBB00235968 /* Constants.swift in Sources */,
				1B3D75352A4D5F0000235968 /* HomeViewController.swift in Sources */,
				1B44BD162A5ECED000A0E3C8 /* ShimmerButton.swift in Sources */,
				1BA046AA2A5C3E2700E63F46 /* DetailViewModel.swift in Sources */,
				1BAE185F2A572D6B00466360 /* CustomImageView.swift in Sources */,
				1BAE185A2A57289B00466360 /* Collection+Safe.swift in Sources */,
				1B44BD262A6042EE00A0E3C8 /* NSManagedObjectValueTitie.swift in Sources */,
				1B44BD2A2A65589C00A0E3C8 /* LikedArticleTableViewCell.swift in Sources */,
				1B44BD8D2A6A84E600A0E3C8 /* PasscodeKit.swift in Sources */,
				1B3D75312A4D5F0000235968 /* AppDelegate.swift in Sources */,
				1B3D75742A4D7F1200235968 /* NetworkService.swift in Sources */,
				1B44BD892A6A84E600A0E3C8 /* PasscodeKitRemove.swift in Sources */,
				1B3D755F2A4D712500235968 /* URLBuilderProtocol.swift in Sources */,
				1B44BD182A5EDAD300A0E3C8 /* SwipableNavigationController.swift in Sources */,
				1B44BD412A66C9ED00A0E3C8 /* Theme.swift in Sources */,
				1B44BD282A6044FA00A0E3C8 /* LikedArticleModel.swift in Sources */,
				1B3D75642A4D783500235968 /* Encodable+Queries.swift in Sources */,
				1BAE18612A573D5300466360 /* UIImageVIew+setImage.swift in Sources */,
				1B3D756D2A4D7D2000235968 /* ApiKeyQuery.swift in Sources */,
				1B44BD962A6A84FB00A0E3C8 /* PasscodeView.swift in Sources */,
				1B44BD322A65ABDB00A0E3C8 /* UIView+ShowHIde.swift in Sources */,
				1BAE18582A57232F00466360 /* UITableViewCell+dequeueCell.swift in Sources */,
				1BAE184D2A559E9100466360 /* StoryModel.swift in Sources */,
				1B44BD1F2A60225D00A0E3C8 /* LikedArticlesViewModel.swift in Sources */,
				1B3D75532A4D668000235968 /* StoriesNetworkService.swift in Sources */,
				1BA046A82A5C360700E63F46 /* DetailViewController.swift in Sources */,
				1B44BDA42A70050C00A0E3C8 /* String+DateFormatter.swift in Sources */,
				1B44BD452A66CCAE00A0E3C8 /* UserDefaults+theme.swift in Sources */,
				1B3D756B2A4D7AEB00235968 /* StoriesURLs.swift in Sources */,
				1B3D75692A4D79F300235968 /* HeaderType.swift in Sources */,
				1B3D753B2A4D5F0000235968 /* LikedArticle.xcdatamodeld in Sources */,
				1B3D75762A4D7F3200235968 /* HTTPResponse.swift in Sources */,
				1BAE18512A560FB100466360 /* MostViewedStoryModel.swift in Sources */,
				1B3D75782A4D803A00235968 /* URLResponse+checks.swift in Sources */,
				1B44BD662A696C7500A0E3C8 /* LikedArticlesCoordinator.swift in Sources */,
				1B44BD212A60236200A0E3C8 /* CoreDataError.swift in Sources */,
				1B44BD882A6A84E600A0E3C8 /* PasscodeKitCreate.swift in Sources */,
				1B44BDA22A6FE54700A0E3C8 /* PasscodeSettingsCoordinator.swift in Sources */,
				1B44BD1B2A5FFE3E00A0E3C8 /* LikedArticlePersistentService.swift in Sources */,
				1BA0469D2A59574C00E63F46 /* AlertProtocol.swift in Sources */,
				1B44BD9C2A6A960D00A0E3C8 /* KeychainService.swift in Sources */,
				1B3D755D2A4D70EA00235968 /* RequestBuilderProtocol.swift in Sources */,
				1B3D75332A4D5F0000235968 /* SceneDelegate.swift in Sources */,
				1B44BD1D2A60224600A0E3C8 /* LikedArticlesViewController.swift in Sources */,
				1B44BD8C2A6A84E600A0E3C8 /* PasscodeKitChange.swift in Sources */,
				1BAE185C2A572B3E00466360 /* UIImageView+asyncLoadImage.swift in Sources */,
				1BAE18562A56E85100466360 /* StoriesTableViewCell.swift in Sources */,
				1B44BD8B2A6A84E600A0E3C8 /* PasscodeKitText.swift in Sources */,
				1B44BD5D2A69466000A0E3C8 /* Coordinator.swift in Sources */,
				1B44BD9E2A6ACC4E00A0E3C8 /* SecretArticle.swift in Sources */,
				1BA046982A58762400E63F46 /* DisplayableArticle.swift in Sources */,
				1B44BD8A2A6A84E600A0E3C8 /* PasscodeKitVerify.swift in Sources */,
				1B44BD432A66CC5A00A0E3C8 /* ThemeViewController.swift in Sources */,
				1B3D75502A4D642100235968 /* NetworkError.swift in Sources */,
				1B44BD142A5ECEBE00A0E3C8 /* ShimmerEffectProtocol.swift in Sources */,
				1BAE184F2A55A08000466360 /* String+lowercased.swift in Sources */,
				1B44BD232A60429000A0E3C8 /* NSManagedObject+value.swift in Sources */,
				1B3D75672A4D790A00235968 /* HTTPMethod.swift in Sources */,
				1B3D75622A4D77FC00235968 /* URLComponents+setQueryItems.swift in Sources */,
				1B44BD642A69619200A0E3C8 /* ThemesCoordinator.swift in Sources */,
				1B44BD342A66712400A0E3C8 /* ColorAssets.swift in Sources */,
				1B3D757C2A4D809F00235968 /* Int+isInBetween.swift in Sources */,
				1B44BD482A6802E100A0E3C8 /* LocalNotification.swift in Sources */,
				1B3D75562A4D678700235968 /* SectionListModel.swift in Sources */,
				1B44BD622A695F4B00A0E3C8 /* HomeCoordinator.swift in Sources */,
			);
			runOnlyForDeploymentPostprocessing = 0;
		};
/* End PBXSourcesBuildPhase section */

/* Begin PBXTargetDependency section */
		1BA046A42A59688100E63F46 /* PBXTargetDependency */ = {
			isa = PBXTargetDependency;
			productRef = 1BA046A32A59688100E63F46 /* SwiftLintPlugin */;
		};
/* End PBXTargetDependency section */

/* Begin PBXVariantGroup section */
		1B3D75362A4D5F0000235968 /* Main.storyboard */ = {
			isa = PBXVariantGroup;
			children = (
				1B3D75372A4D5F0000235968 /* Base */,
			);
			name = Main.storyboard;
			sourceTree = "<group>";
		};
		1B3D753E2A4D5F0100235968 /* LaunchScreen.storyboard */ = {
			isa = PBXVariantGroup;
			children = (
				1B3D753F2A4D5F0100235968 /* Base */,
			);
			name = LaunchScreen.storyboard;
			sourceTree = "<group>";
		};
/* End PBXVariantGroup section */

/* Begin XCBuildConfiguration section */
		1B3D75422A4D5F0100235968 /* Debug */ = {
			isa = XCBuildConfiguration;
			buildSettings = {
				ALWAYS_SEARCH_USER_PATHS = NO;
				ASSETCATALOG_COMPILER_GENERATE_SWIFT_ASSET_SYMBOL_EXTENSIONS = YES;
				CLANG_ANALYZER_NONNULL = YES;
				CLANG_ANALYZER_NUMBER_OBJECT_CONVERSION = YES_AGGRESSIVE;
				CLANG_CXX_LANGUAGE_STANDARD = "gnu++20";
				CLANG_ENABLE_MODULES = YES;
				CLANG_ENABLE_OBJC_ARC = YES;
				CLANG_ENABLE_OBJC_WEAK = YES;
				CLANG_WARN_BLOCK_CAPTURE_AUTORELEASING = YES;
				CLANG_WARN_BOOL_CONVERSION = YES;
				CLANG_WARN_COMMA = YES;
				CLANG_WARN_CONSTANT_CONVERSION = YES;
				CLANG_WARN_DEPRECATED_OBJC_IMPLEMENTATIONS = YES;
				CLANG_WARN_DIRECT_OBJC_ISA_USAGE = YES_ERROR;
				CLANG_WARN_DOCUMENTATION_COMMENTS = YES;
				CLANG_WARN_EMPTY_BODY = YES;
				CLANG_WARN_ENUM_CONVERSION = YES;
				CLANG_WARN_INFINITE_RECURSION = YES;
				CLANG_WARN_INT_CONVERSION = YES;
				CLANG_WARN_NON_LITERAL_NULL_CONVERSION = YES;
				CLANG_WARN_OBJC_IMPLICIT_RETAIN_SELF = YES;
				CLANG_WARN_OBJC_LITERAL_CONVERSION = YES;
				CLANG_WARN_OBJC_ROOT_CLASS = YES_ERROR;
				CLANG_WARN_QUOTED_INCLUDE_IN_FRAMEWORK_HEADER = YES;
				CLANG_WARN_RANGE_LOOP_ANALYSIS = YES;
				CLANG_WARN_STRICT_PROTOTYPES = YES;
				CLANG_WARN_SUSPICIOUS_MOVE = YES;
				CLANG_WARN_UNGUARDED_AVAILABILITY = YES_AGGRESSIVE;
				CLANG_WARN_UNREACHABLE_CODE = YES;
				CLANG_WARN__DUPLICATE_METHOD_MATCH = YES;
				COPY_PHASE_STRIP = NO;
				DEBUG_INFORMATION_FORMAT = dwarf;
				ENABLE_STRICT_OBJC_MSGSEND = YES;
				ENABLE_TESTABILITY = YES;
				ENABLE_USER_SCRIPT_SANDBOXING = YES;
				GCC_C_LANGUAGE_STANDARD = gnu17;
				GCC_DYNAMIC_NO_PIC = NO;
				GCC_NO_COMMON_BLOCKS = YES;
				GCC_OPTIMIZATION_LEVEL = 0;
				GCC_PREPROCESSOR_DEFINITIONS = (
					"DEBUG=1",
					"$(inherited)",
				);
				GCC_WARN_64_TO_32_BIT_CONVERSION = YES;
				GCC_WARN_ABOUT_RETURN_TYPE = YES_ERROR;
				GCC_WARN_UNDECLARED_SELECTOR = YES;
				GCC_WARN_UNINITIALIZED_AUTOS = YES_AGGRESSIVE;
				GCC_WARN_UNUSED_FUNCTION = YES;
				GCC_WARN_UNUSED_VARIABLE = YES;
				IPHONEOS_DEPLOYMENT_TARGET = 17.0;
				LOCALIZATION_PREFERS_STRING_CATALOGS = YES;
				MTL_ENABLE_DEBUG_INFO = INCLUDE_SOURCE;
				MTL_FAST_MATH = YES;
				ONLY_ACTIVE_ARCH = YES;
				SDKROOT = iphoneos;
				SWIFT_ACTIVE_COMPILATION_CONDITIONS = "DEBUG $(inherited)";
				SWIFT_OPTIMIZATION_LEVEL = "-Onone";
			};
			name = Debug;
		};
		1B3D75432A4D5F0100235968 /* Release */ = {
			isa = XCBuildConfiguration;
			buildSettings = {
				ALWAYS_SEARCH_USER_PATHS = NO;
				ASSETCATALOG_COMPILER_GENERATE_SWIFT_ASSET_SYMBOL_EXTENSIONS = YES;
				CLANG_ANALYZER_NONNULL = YES;
				CLANG_ANALYZER_NUMBER_OBJECT_CONVERSION = YES_AGGRESSIVE;
				CLANG_CXX_LANGUAGE_STANDARD = "gnu++20";
				CLANG_ENABLE_MODULES = YES;
				CLANG_ENABLE_OBJC_ARC = YES;
				CLANG_ENABLE_OBJC_WEAK = YES;
				CLANG_WARN_BLOCK_CAPTURE_AUTORELEASING = YES;
				CLANG_WARN_BOOL_CONVERSION = YES;
				CLANG_WARN_COMMA = YES;
				CLANG_WARN_CONSTANT_CONVERSION = YES;
				CLANG_WARN_DEPRECATED_OBJC_IMPLEMENTATIONS = YES;
				CLANG_WARN_DIRECT_OBJC_ISA_USAGE = YES_ERROR;
				CLANG_WARN_DOCUMENTATION_COMMENTS = YES;
				CLANG_WARN_EMPTY_BODY = YES;
				CLANG_WARN_ENUM_CONVERSION = YES;
				CLANG_WARN_INFINITE_RECURSION = YES;
				CLANG_WARN_INT_CONVERSION = YES;
				CLANG_WARN_NON_LITERAL_NULL_CONVERSION = YES;
				CLANG_WARN_OBJC_IMPLICIT_RETAIN_SELF = YES;
				CLANG_WARN_OBJC_LITERAL_CONVERSION = YES;
				CLANG_WARN_OBJC_ROOT_CLASS = YES_ERROR;
				CLANG_WARN_QUOTED_INCLUDE_IN_FRAMEWORK_HEADER = YES;
				CLANG_WARN_RANGE_LOOP_ANALYSIS = YES;
				CLANG_WARN_STRICT_PROTOTYPES = YES;
				CLANG_WARN_SUSPICIOUS_MOVE = YES;
				CLANG_WARN_UNGUARDED_AVAILABILITY = YES_AGGRESSIVE;
				CLANG_WARN_UNREACHABLE_CODE = YES;
				CLANG_WARN__DUPLICATE_METHOD_MATCH = YES;
				COPY_PHASE_STRIP = NO;
				DEBUG_INFORMATION_FORMAT = "dwarf-with-dsym";
				ENABLE_NS_ASSERTIONS = NO;
				ENABLE_STRICT_OBJC_MSGSEND = YES;
				ENABLE_USER_SCRIPT_SANDBOXING = YES;
				GCC_C_LANGUAGE_STANDARD = gnu17;
				GCC_NO_COMMON_BLOCKS = YES;
				GCC_WARN_64_TO_32_BIT_CONVERSION = YES;
				GCC_WARN_ABOUT_RETURN_TYPE = YES_ERROR;
				GCC_WARN_UNDECLARED_SELECTOR = YES;
				GCC_WARN_UNINITIALIZED_AUTOS = YES_AGGRESSIVE;
				GCC_WARN_UNUSED_FUNCTION = YES;
				GCC_WARN_UNUSED_VARIABLE = YES;
				IPHONEOS_DEPLOYMENT_TARGET = 17.0;
				LOCALIZATION_PREFERS_STRING_CATALOGS = YES;
				MTL_ENABLE_DEBUG_INFO = NO;
				MTL_FAST_MATH = YES;
				SDKROOT = iphoneos;
				SWIFT_COMPILATION_MODE = wholemodule;
				VALIDATE_PRODUCT = YES;
			};
			name = Release;
		};
		1B3D75452A4D5F0100235968 /* Debug */ = {
			isa = XCBuildConfiguration;
			buildSettings = {
				ASSETCATALOG_COMPILER_APPICON_NAME = AppIcon;
				ASSETCATALOG_COMPILER_GLOBAL_ACCENT_COLOR_NAME = AccentColor;
				CODE_SIGN_STYLE = Automatic;
				CURRENT_PROJECT_VERSION = 1;
				DEVELOPMENT_TEAM = 8M5L73RX22;
				GENERATE_INFOPLIST_FILE = YES;
				INFOPLIST_FILE = "/Users/dkus/Desktop/NewsApp/NewsApp/System files/Info.plist";
				INFOPLIST_KEY_NSFaceIDUsageDescription = "Would you like to allow FaceID";
				INFOPLIST_KEY_UIApplicationSupportsIndirectInputEvents = YES;
				INFOPLIST_KEY_UILaunchStoryboardName = LaunchScreen;
				INFOPLIST_KEY_UISupportedInterfaceOrientations_iPad = UIInterfaceOrientationPortrait;
				INFOPLIST_KEY_UISupportedInterfaceOrientations_iPhone = UIInterfaceOrientationPortrait;
				LD_RUNPATH_SEARCH_PATHS = (
					"$(inherited)",
					"@executable_path/Frameworks",
				);
				MARKETING_VERSION = 1.0;
				PRODUCT_BUNDLE_IDENTIFIER = dankus.NewsApp;
				PRODUCT_NAME = "$(TARGET_NAME)";
				SWIFT_EMIT_LOC_STRINGS = YES;
				SWIFT_VERSION = 5.0;
				TARGETED_DEVICE_FAMILY = "1,2";
			};
			name = Debug;
		};
		1B3D75462A4D5F0100235968 /* Release */ = {
			isa = XCBuildConfiguration;
			buildSettings = {
				ASSETCATALOG_COMPILER_APPICON_NAME = AppIcon;
				ASSETCATALOG_COMPILER_GLOBAL_ACCENT_COLOR_NAME = AccentColor;
				CODE_SIGN_STYLE = Automatic;
				CURRENT_PROJECT_VERSION = 1;
				DEVELOPMENT_TEAM = 8M5L73RX22;
				GENERATE_INFOPLIST_FILE = YES;
				INFOPLIST_FILE = "/Users/dkus/Desktop/NewsApp/NewsApp/System files/Info.plist";
				INFOPLIST_KEY_NSFaceIDUsageDescription = "Would you like to allow FaceID";
				INFOPLIST_KEY_UIApplicationSupportsIndirectInputEvents = YES;
				INFOPLIST_KEY_UILaunchStoryboardName = LaunchScreen;
				INFOPLIST_KEY_UISupportedInterfaceOrientations_iPad = UIInterfaceOrientationPortrait;
				INFOPLIST_KEY_UISupportedInterfaceOrientations_iPhone = UIInterfaceOrientationPortrait;
				LD_RUNPATH_SEARCH_PATHS = (
					"$(inherited)",
					"@executable_path/Frameworks",
				);
				MARKETING_VERSION = 1.0;
				PRODUCT_BUNDLE_IDENTIFIER = dankus.NewsApp;
				PRODUCT_NAME = "$(TARGET_NAME)";
				SWIFT_EMIT_LOC_STRINGS = YES;
				SWIFT_VERSION = 5.0;
				TARGETED_DEVICE_FAMILY = "1,2";
			};
			name = Release;
		};
/* End XCBuildConfiguration section */

/* Begin XCConfigurationList section */
		1B3D75282A4D5F0000235968 /* Build configuration list for PBXProject "NewsApp" */ = {
			isa = XCConfigurationList;
			buildConfigurations = (
				1B3D75422A4D5F0100235968 /* Debug */,
				1B3D75432A4D5F0100235968 /* Release */,
			);
			defaultConfigurationIsVisible = 0;
			defaultConfigurationName = Release;
		};
		1B3D75442A4D5F0100235968 /* Build configuration list for PBXNativeTarget "NewsApp" */ = {
			isa = XCConfigurationList;
			buildConfigurations = (
				1B3D75452A4D5F0100235968 /* Debug */,
				1B3D75462A4D5F0100235968 /* Release */,
			);
			defaultConfigurationIsVisible = 0;
			defaultConfigurationName = Release;
		};
/* End XCConfigurationList section */

/* Begin XCRemoteSwiftPackageReference section */
		1B3D754A2A4D60E500235968 /* XCRemoteSwiftPackageReference "SnapKit" */ = {
			isa = XCRemoteSwiftPackageReference;
			repositoryURL = "https://github.com/SnapKit/SnapKit.git";
			requirement = {
				kind = upToNextMajorVersion;
				minimumVersion = 5.6.0;
			};
		};
		1B44BD2B2A6576DA00A0E3C8 /* XCRemoteSwiftPackageReference "NotificationBanner" */ = {
			isa = XCRemoteSwiftPackageReference;
			repositoryURL = "https://github.com/Daltron/NotificationBanner";
			requirement = {
				kind = upToNextMajorVersion;
				minimumVersion = 3.2.1;
			};
		};
		1B44BD2E2A657C7B00A0E3C8 /* XCRemoteSwiftPackageReference "lottie-spm" */ = {
			isa = XCRemoteSwiftPackageReference;
			repositoryURL = "https://github.com/airbnb/lottie-spm.git";
			requirement = {
				kind = upToNextMajorVersion;
				minimumVersion = 4.2.0;
			};
		};
		1B44BD972A6A95EE00A0E3C8 /* XCRemoteSwiftPackageReference "SimpleKeychain" */ = {
			isa = XCRemoteSwiftPackageReference;
			repositoryURL = "https://github.com/auth0/SimpleKeychain";
			requirement = {
				kind = upToNextMajorVersion;
				minimumVersion = 1.1.0;
			};
		};
		1BA046A22A59684100E63F46 /* XCRemoteSwiftPackageReference "SwiftLint" */ = {
			isa = XCRemoteSwiftPackageReference;
			repositoryURL = "https://github.com/realm/SwiftLint.git";
			requirement = {
				kind = upToNextMajorVersion;
				minimumVersion = 0.52.4;
			};
		};
		1BAE18492A558B1300466360 /* XCRemoteSwiftPackageReference "swift-collections" */ = {
			isa = XCRemoteSwiftPackageReference;
			repositoryURL = "https://github.com/apple/swift-collections.git";
			requirement = {
				kind = upToNextMajorVersion;
				minimumVersion = 1.0.4;
			};
		};
/* End XCRemoteSwiftPackageReference section */

/* Begin XCSwiftPackageProductDependency section */
		1B3D754B2A4D60E500235968 /* SnapKit */ = {
			isa = XCSwiftPackageProductDependency;
			package = 1B3D754A2A4D60E500235968 /* XCRemoteSwiftPackageReference "SnapKit" */;
			productName = SnapKit;
		};
		1B44BD2C2A6576DA00A0E3C8 /* NotificationBannerSwift */ = {
			isa = XCSwiftPackageProductDependency;
			package = 1B44BD2B2A6576DA00A0E3C8 /* XCRemoteSwiftPackageReference "NotificationBanner" */;
			productName = NotificationBannerSwift;
		};
		1B44BD2F2A657C7B00A0E3C8 /* Lottie */ = {
			isa = XCSwiftPackageProductDependency;
			package = 1B44BD2E2A657C7B00A0E3C8 /* XCRemoteSwiftPackageReference "lottie-spm" */;
			productName = Lottie;
		};
		1B44BD982A6A95EE00A0E3C8 /* SimpleKeychain */ = {
			isa = XCSwiftPackageProductDependency;
			package = 1B44BD972A6A95EE00A0E3C8 /* XCRemoteSwiftPackageReference "SimpleKeychain" */;
			productName = SimpleKeychain;
		};
		1BA046A32A59688100E63F46 /* SwiftLintPlugin */ = {
			isa = XCSwiftPackageProductDependency;
			package = 1BA046A22A59684100E63F46 /* XCRemoteSwiftPackageReference "SwiftLint" */;
			productName = "plugin:SwiftLintPlugin";
		};
		1BAE184A2A558B1300466360 /* OrderedCollections */ = {
			isa = XCSwiftPackageProductDependency;
			package = 1BAE18492A558B1300466360 /* XCRemoteSwiftPackageReference "swift-collections" */;
			productName = OrderedCollections;
		};
/* End XCSwiftPackageProductDependency section */

/* Begin XCVersionGroup section */
		1B3D75392A4D5F0000235968 /* LikedArticle.xcdatamodeld */ = {
			isa = XCVersionGroup;
			children = (
				1B3D753A2A4D5F0000235968 /* NewsApp.xcdatamodel */,
			);
			currentVersion = 1B3D753A2A4D5F0000235968 /* NewsApp.xcdatamodel */;
			path = LikedArticle.xcdatamodeld;
			sourceTree = "<group>";
			versionGroupType = wrapper.xcdatamodel;
		};
/* End XCVersionGroup section */
	};
	rootObject = 1B3D75252A4D5F0000235968 /* Project object */;
}
